Microsoft Visual Studio Solution File, Format Version 12.00
# Visual Studio Version 17
VisualStudioVersion = 17.14.35821.62
MinimumVisualStudioVersion = 10.0.40219.1
Project("{FAE04EC0-301F-11D3-BF4B-00C04F79EFBC}") = "SimpleHybridApp", "SimpleHybridApp\SimpleHybridApp.csproj", "{C9FED315-C5DA-459A-8E67-69D64FC4C9D6}"
EndProject
Global
	GlobalSection(SolutionConfigurationPlatforms) = preSolution
		Debug|Any CPU = Debug|Any CPU
		Debug|ARM64 = Debug|ARM64
		Release|Any CPU = Release|Any CPU
		Release|ARM64 = Release|ARM64
	EndGlobalSection
	GlobalSection(ProjectConfigurationPlatforms) = postSolution
		{C9FED315-C5DA-459A-8E67-69D64FC4C9D6}.Debug|Any CPU.ActiveCfg = Debug|Any CPU
		{C9FED315-C5DA-459A-8E67-69D64FC4C9D6}.Debug|Any CPU.Build.0 = Debug|Any CPU
		{C9FED315-C5DA-459A-8E67-69D64FC4C9D6}.Debug|Any CPU.Deploy.0 = Debug|Any CPU
		{C9FED315-C5DA-459A-8E67-69D64FC4C9D6}.Debug|ARM64.ActiveCfg = Debug|ARM64
		{C9FED315-C5DA-459A-8E67-69D64FC4C9D6}.Debug|ARM64.Build.0 = Debug|ARM64
		{C9FED315-C5DA-459A-8E67-69D64FC4C9D6}.Debug|ARM64.Deploy.0 = Debug|ARM64
		{C9FED315-C5DA-459A-8E67-69D64FC4C9D6}.Release|Any CPU.ActiveCfg = Release|Any CPU
		{C9FED315-C5DA-459A-8E67-69D64FC4C9D6}.Release|Any CPU.Build.0 = Release|Any CPU
		{C9FED315-C5DA-459A-8E67-69D64FC4C9D6}.Release|ARM64.ActiveCfg = Release|ARM64
		{C9FED315-C5DA-459A-8E67-69D64FC4C9D6}.Release|ARM64.Build.0 = Release|ARM64
	EndGlobalSection
	GlobalSection(SolutionProperties) = preSolution
		HideSolutionNode = FALSE
	EndGlobalSection
	GlobalSection(ExtensibilityGlobals) = postSolution
		SolutionGuid = {CD6248BA-3C52-4815-B8D2-076BC0588E75}
	EndGlobalSection
EndGlobal
